
Microsoft Visual Studio Solution File, Format Version 12.00
# Visual Studio Version 17
VisualStudioVersion = 17.0.32014.148
MinimumVisualStudioVersion = 10.0.40219.1
Project("{FAE04EC0-301F-11D3-BF4B-00C04F79EFBC}") = "Barre_3IDM", "Barre_3IDM.csproj", "{F5BBD2BA-6929-49E5-B28B-D7B5B9468064}"
EndProject
Global
	GlobalSection(SolutionConfigurationPlatforms) = preSolution
		Debug|Any CPU = Debug|Any CPU
		Release|Any CPU = Release|Any CPU
	EndGlobalSection
	GlobalSection(ProjectConfigurationPlatforms) = postSolution
		{F5BBD2BA-6929-49E5-B28B-D7B5B9468064}.Debug|Any CPU.ActiveCfg = Debug|Any CPU
		{F5BBD2BA-6929-49E5-B28B-D7B5B9468064}.Debug|Any CPU.Build.0 = Debug|Any CPU
		{F5BBD2BA-6929-49E5-B28B-D7B5B9468064}.Release|Any CPU.ActiveCfg = Release|Any CPU
		{F5BBD2BA-6929-49E5-B28B-D7B5B9468064}.Release|Any CPU.Build.0 = Release|Any CPU
	EndGlobalSection
	GlobalSection(SolutionProperties) = preSolution
		HideSolutionNode = FALSE
	EndGlobalSection
	GlobalSection(ExtensibilityGlobals) = postSolution
		SolutionGuid = {19B096FE-72FA-4DF4-A8DC-FFD1E556E5B7}
	EndGlobalSection
EndGlobal
